
Microsoft Visual Studio Solution File, Format Version 12.00
# Visual Studio Version 16
VisualStudioVersion = 16.0.30204.135
MinimumVisualStudioVersion = 10.0.40219.1
Project("{FAE04EC0-301F-11D3-BF4B-00C04F79EFBC}") = "ThreadSample", "ThreadSample\ThreadSample.csproj", "{1087649A-9DFD-4556-BB60-613EF3E56B54}"
EndProject
Global
	GlobalSection(SolutionConfigurationPlatforms) = preSolution
		Debug|Any CPU = Debug|Any CPU
		Release|Any CPU = Release|Any CPU
	EndGlobalSection
	GlobalSection(ProjectConfigurationPlatforms) = postSolution
		{1087649A-9DFD-4556-BB60-613EF3E56B54}.Debug|Any CPU.ActiveCfg = Debug|Any CPU
		{1087649A-9DFD-4556-BB60-613EF3E56B54}.Debug|Any CPU.Build.0 = Debug|Any CPU
		{1087649A-9DFD-4556-BB60-613EF3E56B54}.Release|Any CPU.ActiveCfg = Release|Any CPU
		{1087649A-9DFD-4556-BB60-613EF3E56B54}.Release|Any CPU.Build.0 = Release|Any CPU
	EndGlobalSection
	GlobalSection(SolutionProperties) = preSolution
		HideSolutionNode = FALSE
	EndGlobalSection
	GlobalSection(ExtensibilityGlobals) = postSolution
		SolutionGuid = {FC308B46-E086-4FFA-9F31-8C92C45AB511}
	EndGlobalSection
EndGlobal
